
Microsoft Visual Studio Solution File, Format Version 12.00
# Visual Studio 14
VisualStudioVersion = 14.0.25123.0
MinimumVisualStudioVersion = 10.0.40219.1
Project("{FAE04EC0-301F-11D3-BF4B-00C04F79EFBC}") = "GJson", "GJson\GJson.csproj", "{77F8D7C2-3893-4E8D-9B51-DC079AC3DAF0}"
EndProject
Project("{2150E333-8FDC-42A3-9474-1A3956D46DE8}") = ".nuget", ".nuget", "{D28373E9-D8DE-403D-9961-871E1C6E8F3B}"
	ProjectSection(SolutionItems) = preProject
		.nuget\packages.config = .nuget\packages.config
	EndProjectSection
EndProject
Global
	GlobalSection(SolutionConfigurationPlatforms) = preSolution
		Debug|Any CPU = Debug|Any CPU
		Release|Any CPU = Release|Any CPU
	EndGlobalSection
	GlobalSection(ProjectConfigurationPlatforms) = postSolution
		{77F8D7C2-3893-4E8D-9B51-DC079AC3DAF0}.Debug|Any CPU.ActiveCfg = Debug|Any CPU
		{77F8D7C2-3893-4E8D-9B51-DC079AC3DAF0}.Debug|Any CPU.Build.0 = Debug|Any CPU
		{77F8D7C2-3893-4E8D-9B51-DC079AC3DAF0}.Release|Any CPU.ActiveCfg = Release|Any CPU
		{77F8D7C2-3893-4E8D-9B51-DC079AC3DAF0}.Release|Any CPU.Build.0 = Release|Any CPU
	EndGlobalSection
	GlobalSection(SolutionProperties) = preSolution
		HideSolutionNode = FALSE
	EndGlobalSection
EndGlobal
